// !$*UTF8*$!
{
	archiveVersion = 1;
	classes = {
	};
	objectVersion = 55;
	objects = {

/* Begin PBXBuildFile section */
		180DDDB029557957005417B0 /* Tests_iOS.swift in Sources */ = {isa = PBXBuildFile; fileRef = 180DDDAF29557957005417B0 /* Tests_iOS.swift */; };
		180DDDB229557957005417B0 /* Tests_iOSLaunchTests.swift in Sources */ = {isa = PBXBuildFile; fileRef = 180DDDB129557957005417B0 /* Tests_iOSLaunchTests.swift */; };
		180DDDBC29557957005417B0 /* Tests_macOS.swift in Sources */ = {isa = PBXBuildFile; fileRef = 180DDDBB29557957005417B0 /* Tests_macOS.swift */; };
		180DDDBE29557957005417B0 /* Tests_macOSLaunchTests.swift in Sources */ = {isa = PBXBuildFile; fileRef = 180DDDBD29557957005417B0 /* Tests_macOSLaunchTests.swift */; };
		180DDDBF29557957005417B0 /* sourceTreeDemo.xcdatamodeld in Sources */ = {isa = PBXBuildFile; fileRef = 180DDD9429557955005417B0 /* sourceTreeDemo.xcdatamodeld */; };
		180DDDC029557957005417B0 /* sourceTreeDemo.xcdatamodeld in Sources */ = {isa = PBXBuildFile; fileRef = 180DDD9429557955005417B0 /* sourceTreeDemo.xcdatamodeld */; };
		180DDDC129557957005417B0 /* sourceTreeDemoApp.swift in Sources */ = {isa = PBXBuildFile; fileRef = 180DDD9629557955005417B0 /* sourceTreeDemoApp.swift */; };
		180DDDC229557957005417B0 /* sourceTreeDemoApp.swift in Sources */ = {isa = PBXBuildFile; fileRef = 180DDD9629557955005417B0 /* sourceTreeDemoApp.swift */; };
		180DDDC329557957005417B0 /* ContentView.swift in Sources */ = {isa = PBXBuildFile; fileRef = 180DDD9729557955005417B0 /* ContentView.swift */; };
		180DDDC429557957005417B0 /* ContentView.swift in Sources */ = {isa = PBXBuildFile; fileRef = 180DDD9729557955005417B0 /* ContentView.swift */; };
		180DDDC529557957005417B0 /* Persistence.swift in Sources */ = {isa = PBXBuildFile; fileRef = 180DDD9829557955005417B0 /* Persistence.swift */; };
		180DDDC629557957005417B0 /* Persistence.swift in Sources */ = {isa = PBXBuildFile; fileRef = 180DDD9829557955005417B0 /* Persistence.swift */; };
		180DDDC729557957005417B0 /* Assets.xcassets in Resources */ = {isa = PBXBuildFile; fileRef = 180DDD9929557957005417B0 /* Assets.xcassets */; };
		180DDDC829557957005417B0 /* Assets.xcassets in Resources */ = {isa = PBXBuildFile; fileRef = 180DDD9929557957005417B0 /* Assets.xcassets */; };
		180DDDD829557E28005417B0 /* viewmodel.swift in Sources */ = {isa = PBXBuildFile; fileRef = 180DDDD729557E28005417B0 /* viewmodel.swift */; };
		180DDDD929557E2B005417B0 /* viewmodel.swift in Sources */ = {isa = PBXBuildFile; fileRef = 180DDDD729557E28005417B0 /* viewmodel.swift */; };
/* End PBXBuildFile section */

/* Begin PBXContainerItemProxy section */
		180DDDAC29557957005417B0 /* PBXContainerItemProxy */ = {
			isa = PBXContainerItemProxy;
			containerPortal = 180DDD8F29557955005417B0 /* Project object */;
			proxyType = 1;
			remoteGlobalIDString = 180DDD9D29557957005417B0;
			remoteInfo = "sourceTreeDemo (iOS)";
		};
		180DDDB829557957005417B0 /* PBXContainerItemProxy */ = {
			isa = PBXContainerItemProxy;
			containerPortal = 180DDD8F29557955005417B0 /* Project object */;
			proxyType = 1;
			remoteGlobalIDString = 180DDDA329557957005417B0;
			remoteInfo = "sourceTreeDemo (macOS)";
		};
/* End PBXContainerItemProxy section */

/* Begin PBXFileReference section */
		180DDD9529557955005417B0 /* Shared.xcdatamodel */ = {isa = PBXFileReference; lastKnownFileType = wrapper.xcdatamodel; path = Shared.xcdatamodel; sourceTree = "<group>"; };
		180DDD9629557955005417B0 /* sourceTreeDemoApp.swift */ = {isa = PBXFileReference; lastKnownFileType = sourcecode.swift; path = sourceTreeDemoApp.swift; sourceTree = "<group>"; };
		180DDD9729557955005417B0 /* ContentView.swift */ = {isa = PBXFileReference; lastKnownFileType = sourcecode.swift; path = ContentView.swift; sourceTree = "<group>"; };
		180DDD9829557955005417B0 /* Persistence.swift */ = {isa = PBXFileReference; lastKnownFileType = sourcecode.swift; path = Persistence.swift; sourceTree = "<group>"; };
		180DDD9929557957005417B0 /* Assets.xcassets */ = {isa = PBXFileReference; lastKnownFileType = folder.assetcatalog; path = Assets.xcassets; sourceTree = "<group>"; };
		180DDD9E29557957005417B0 /* sourceTreeDemo.app */ = {isa = PBXFileReference; explicitFileType = wrapper.application; includeInIndex = 0; path = sourceTreeDemo.app; sourceTree = BUILT_PRODUCTS_DIR; };
		180DDDA429557957005417B0 /* sourceTreeDemo.app */ = {isa = PBXFileReference; explicitFileType = wrapper.application; includeInIndex = 0; path = sourceTreeDemo.app; sourceTree = BUILT_PRODUCTS_DIR; };
		180DDDA629557957005417B0 /* macOS.entitlements */ = {isa = PBXFileReference; lastKnownFileType = text.plist.entitlements; path = macOS.entitlements; sourceTree = "<group>"; };
		180DDDAB29557957005417B0 /* Tests iOS.xctest */ = {isa = PBXFileReference; explicitFileType = wrapper.cfbundle; includeInIndex = 0; path = "Tests iOS.xctest"; sourceTree = BUILT_PRODUCTS_DIR; };
		180DDDAF29557957005417B0 /* Tests_iOS.swift */ = {isa = PBXFileReference; lastKnownFileType = sourcecode.swift; path = Tests_iOS.swift; sourceTree = "<group>"; };
		180DDDB129557957005417B0 /* Tests_iOSLaunchTests.swift */ = {isa = PBXFileReference; lastKnownFileType = sourcecode.swift; path = Tests_iOSLaunchTests.swift; sourceTree = "<group>"; };
		180DDDB729557957005417B0 /* Tests macOS.xctest */ = {isa = PBXFileReference; explicitFileType = wrapper.cfbundle; includeInIndex = 0; path = "Tests macOS.xctest"; sourceTree = BUILT_PRODUCTS_DIR; };
		180DDDBB29557957005417B0 /* Tests_macOS.swift */ = {isa = PBXFileReference; lastKnownFileType = sourcecode.swift; path = Tests_macOS.swift; sourceTree = "<group>"; };
		180DDDBD29557957005417B0 /* Tests_macOSLaunchTests.swift */ = {isa = PBXFileReference; lastKnownFileType = sourcecode.swift; path = Tests_macOSLaunchTests.swift; sourceTree = "<group>"; };
		180DDDD729557E28005417B0 /* viewmodel.swift */ = {isa = PBXFileReference; lastKnownFileType = sourcecode.swift; path = viewmodel.swift; sourceTree = "<group>"; };
/* End PBXFileReference section */

/* Begin PBXFrameworksBuildPhase section */
		180DDD9B29557957005417B0 /* Frameworks */ = {
			isa = PBXFrameworksBuildPhase;
			buildActionMask = 2147483647;
			files = (
			);
			runOnlyForDeploymentPostprocessing = 0;
		};
		180DDDA129557957005417B0 /* Frameworks */ = {
			isa = PBXFrameworksBuildPhase;
			buildActionMask = 2147483647;
			files = (
			);
			runOnlyForDeploymentPostprocessing = 0;
		};
		180DDDA829557957005417B0 /* Frameworks */ = {
			isa = PBXFrameworksBuildPhase;
			buildActionMask = 2147483647;
			files = (
			);
			runOnlyForDeploymentPostprocessing = 0;
		};
		180DDDB429557957005417B0 /* Frameworks */ = {
			isa = PBXFrameworksBuildPhase;
			buildActionMask = 2147483647;
			files = (
			);
			runOnlyForDeploymentPostprocessing = 0;
		};
/* End PBXFrameworksBuildPhase section */

/* Begin PBXGroup section */
		180DDD8E29557955005417B0 = {
			isa = PBXGroup;
			children = (
				180DDD9329557955005417B0 /* Shared */,
				180DDDA529557957005417B0 /* macOS */,
				180DDDAE29557957005417B0 /* Tests iOS */,
				180DDDBA29557957005417B0 /* Tests macOS */,
				180DDD9F29557957005417B0 /* Products */,
			);
			sourceTree = "<group>";
		};
		180DDD9329557955005417B0 /* Shared */ = {
			isa = PBXGroup;
			children = (
				180DDD9629557955005417B0 /* sourceTreeDemoApp.swift */,
				180DDD9729557955005417B0 /* ContentView.swift */,
				180DDD9829557955005417B0 /* Persistence.swift */,
				180DDDD729557E28005417B0 /* viewmodel.swift */,
				180DDD9929557957005417B0 /* Assets.xcassets */,
				180DDD9429557955005417B0 /* sourceTreeDemo.xcdatamodeld */,
			);
			path = Shared;
			sourceTree = "<group>";
		};
		180DDD9F29557957005417B0 /* Products */ = {
			isa = PBXGroup;
			children = (
				180DDD9E29557957005417B0 /* sourceTreeDemo.app */,
				180DDDA429557957005417B0 /* sourceTreeDemo.app */,
				180DDDAB29557957005417B0 /* Tests iOS.xctest */,
				180DDDB729557957005417B0 /* Tests macOS.xctest */,
			);
			name = Products;
			sourceTree = "<group>";
		};
		180DDDA529557957005417B0 /* macOS */ = {
			isa = PBXGroup;
			children = (
				180DDDA629557957005417B0 /* macOS.entitlements */,
			);
			path = macOS;
			sourceTree = "<group>";
		};
		180DDDAE29557957005417B0 /* Tests iOS */ = {
			isa = PBXGroup;
			children = (
				180DDDAF29557957005417B0 /* Tests_iOS.swift */,
				180DDDB129557957005417B0 /* Tests_iOSLaunchTests.swift */,
			);
			path = "Tests iOS";
			sourceTree = "<group>";
		};
		180DDDBA29557957005417B0 /* Tests macOS */ = {
			isa = PBXGroup;
			children = (
				180DDDBB29557957005417B0 /* Tests_macOS.swift */,
				180DDDBD29557957005417B0 /* Tests_macOSLaunchTests.swift */,
			);
			path = "Tests macOS";
			sourceTree = "<group>";
		};
/* End PBXGroup section */

/* Begin PBXNativeTarget section */
		180DDD9D29557957005417B0 /* sourceTreeDemo (iOS) */ = {
			isa = PBXNativeTarget;
			buildConfigurationList = 180DDDCB29557957005417B0 /* Build configuration list for PBXNativeTarget "sourceTreeDemo (iOS)" */;
			buildPhases = (
				180DDD9A29557957005417B0 /* Sources */,
				180DDD9B29557957005417B0 /* Frameworks */,
				180DDD9C29557957005417B0 /* Resources */,
			);
			buildRules = (
			);
			dependencies = (
			);
			name = "sourceTreeDemo (iOS)";
			productName = "sourceTreeDemo (iOS)";
			productReference = 180DDD9E29557957005417B0 /* sourceTreeDemo.app */;
			productType = "com.apple.product-type.application";
		};
		180DDDA329557957005417B0 /* sourceTreeDemo (macOS) */ = {
			isa = PBXNativeTarget;
			buildConfigurationList = 180DDDCE29557957005417B0 /* Build configuration list for PBXNativeTarget "sourceTreeDemo (macOS)" */;
			buildPhases = (
				180DDDA029557957005417B0 /* Sources */,
				180DDDA129557957005417B0 /* Frameworks */,
				180DDDA229557957005417B0 /* Resources */,
			);
			buildRules = (
			);
			dependencies = (
			);
			name = "sourceTreeDemo (macOS)";
			productName = "sourceTreeDemo (macOS)";
			productReference = 180DDDA429557957005417B0 /* sourceTreeDemo.app */;
			productType = "com.apple.product-type.application";
		};
		180DDDAA29557957005417B0 /* Tests iOS */ = {
			isa = PBXNativeTarget;
			buildConfigurationList = 180DDDD129557957005417B0 /* Build configuration list for PBXNativeTarget "Tests iOS" */;
			buildPhases = (
				180DDDA729557957005417B0 /* Sources */,
				180DDDA829557957005417B0 /* Frameworks */,
				180DDDA929557957005417B0 /* Resources */,
			);
			buildRules = (
			);
			dependencies = (
				180DDDAD29557957005417B0 /* PBXTargetDependency */,
			);
			name = "Tests iOS";
			productName = "Tests iOS";
			productReference = 180DDDAB29557957005417B0 /* Tests iOS.xctest */;
			productType = "com.apple.product-type.bundle.ui-testing";
		};
		180DDDB629557957005417B0 /* Tests macOS */ = {
			isa = PBXNativeTarget;
			buildConfigurationList = 180DDDD429557957005417B0 /* Build configuration list for PBXNativeTarget "Tests macOS" */;
			buildPhases = (
				180DDDB329557957005417B0 /* Sources */,
				180DDDB429557957005417B0 /* Frameworks */,
				180DDDB529557957005417B0 /* Resources */,
			);
			buildRules = (
			);
			dependencies = (
				180DDDB929557957005417B0 /* PBXTargetDependency */,
			);
			name = "Tests macOS";
			productName = "Tests macOS";
			productReference = 180DDDB729557957005417B0 /* Tests macOS.xctest */;
			productType = "com.apple.product-type.bundle.ui-testing";
		};
/* End PBXNativeTarget section */

/* Begin PBXProject section */
		180DDD8F29557955005417B0 /* Project object */ = {
			isa = PBXProject;
			attributes = {
				BuildIndependentTargetsInParallel = 1;
				LastSwiftUpdateCheck = 1340;
				LastUpgradeCheck = 1340;
				TargetAttributes = {
					180DDD9D29557957005417B0 = {
						CreatedOnToolsVersion = 13.4.1;
					};
					180DDDA329557957005417B0 = {
						CreatedOnToolsVersion = 13.4.1;
					};
					180DDDAA29557957005417B0 = {
						CreatedOnToolsVersion = 13.4.1;
						TestTargetID = 180DDD9D29557957005417B0;
					};
					180DDDB629557957005417B0 = {
						CreatedOnToolsVersion = 13.4.1;
						TestTargetID = 180DDDA329557957005417B0;
					};
				};
			};
			buildConfigurationList = 180DDD9229557955005417B0 /* Build configuration list for PBXProject "sourceTreeDemo" */;
			compatibilityVersion = "Xcode 13.0";
			developmentRegion = en;
			hasScannedForEncodings = 0;
			knownRegions = (
				en,
				Base,
			);
			mainGroup = 180DDD8E29557955005417B0;
			productRefGroup = 180DDD9F29557957005417B0 /* Products */;
			projectDirPath = "";
			projectRoot = "";
			targets = (
				180DDD9D29557957005417B0 /* sourceTreeDemo (iOS) */,
				180DDDA329557957005417B0 /* sourceTreeDemo (macOS) */,
				180DDDAA29557957005417B0 /* Tests iOS */,
				180DDDB629557957005417B0 /* Tests macOS */,
			);
		};
/* End PBXProject section */

/* Begin PBXResourcesBuildPhase section */
		180DDD9C29557957005417B0 /* Resources */ = {
			isa = PBXResourcesBuildPhase;
			buildActionMask = 2147483647;
			files = (
				180DDDC729557957005417B0 /* Assets.xcassets in Resources */,
			);
			runOnlyForDeploymentPostprocessing = 0;
		};
		180DDDA229557957005417B0 /* Resources */ = {
			isa = PBXResourcesBuildPhase;
			buildActionMask = 2147483647;
			files = (
				180DDDC829557957005417B0 /* Assets.xcassets in Resources */,
			);
			runOnlyForDeploymentPostprocessing = 0;
		};
		180DDDA929557957005417B0 /* Resources */ = {
			isa = PBXResourcesBuildPhase;
			buildActionMask = 2147483647;
			files = (
			);
			runOnlyForDeploymentPostprocessing = 0;
		};
		180DDDB529557957005417B0 /* Resources */ = {
			isa = PBXResourcesBuildPhase;
			buildActionMask = 2147483647;
			files = (
			);
			runOnlyForDeploymentPostprocessing = 0;
		};
/* End PBXResourcesBuildPhase section */

/* Begin PBXSourcesBuildPhase section */
		180DDD9A29557957005417B0 /* Sources */ = {
			isa = PBXSourcesBuildPhase;
			buildActionMask = 2147483647;
			files = (
				180DDDBF29557957005417B0 /* sourceTreeDemo.xcdatamodeld in Sources */,
				180DDDC529557957005417B0 /* Persistence.swift in Sources */,
				180DDDC129557957005417B0 /* sourceTreeDemoApp.swift in Sources */,
				180DDDD829557E28005417B0 /* viewmodel.swift in Sources */,
				180DDDC329557957005417B0 /* ContentView.swift in Sources */,
			);
			runOnlyForDeploymentPostprocessing = 0;
		};
		180DDDA029557957005417B0 /* Sources */ = {
			isa = PBXSourcesBuildPhase;
			buildActionMask = 2147483647;
			files = (
				180DDDC029557957005417B0 /* sourceTreeDemo.xcdatamodeld in Sources */,
				180DDDC629557957005417B0 /* Persistence.swift in Sources */,
				180DDDC229557957005417B0 /* sourceTreeDemoApp.swift in Sources */,
				180DDDD929557E2B005417B0 /* viewmodel.swift in Sources */,
				180DDDC429557957005417B0 /* ContentView.swift in Sources */,
			);
			runOnlyForDeploymentPostprocessing = 0;
		};
		180DDDA729557957005417B0 /* Sources */ = {
			isa = PBXSourcesBuildPhase;
			buildActionMask = 2147483647;
			files = (
				180DDDB229557957005417B0 /* Tests_iOSLaunchTests.swift in Sources */,
				180DDDB029557957005417B0 /* Tests_iOS.swift in Sources */,
			);
			runOnlyForDeploymentPostprocessing = 0;
		};
		180DDDB329557957005417B0 /* Sources */ = {
			isa = PBXSourcesBuildPhase;
			buildActionMask = 2147483647;
			files = (
				180DDDBE29557957005417B0 /* Tests_macOSLaunchTests.swift in Sources */,
				180DDDBC29557957005417B0 /* Tests_macOS.swift in Sources */,
			);
			runOnlyForDeploymentPostprocessing = 0;
		};
/* End PBXSourcesBuildPhase section */

/* Begin PBXTargetDependency section */
		180DDDAD29557957005417B0 /* PBXTargetDependency */ = {
			isa = PBXTargetDependency;
			target = 180DDD9D29557957005417B0 /* sourceTreeDemo (iOS) */;
			targetProxy = 180DDDAC29557957005417B0 /* PBXContainerItemProxy */;
		};
		180DDDB929557957005417B0 /* PBXTargetDependency */ = {
			isa = PBXTargetDependency;
			target = 180DDDA329557957005417B0 /* sourceTreeDemo (macOS) */;
			targetProxy = 180DDDB829557957005417B0 /* PBXContainerItemProxy */;
		};
/* End PBXTargetDependency section */

/* Begin XCBuildConfiguration section */
		180DDDC929557957005417B0 /* Debug */ = {
			isa = XCBuildConfiguration;
			buildSettings = {
				ALWAYS_SEARCH_USER_PATHS = NO;
				CLANG_ANALYZER_NONNULL = YES;
				CLANG_ANALYZER_NUMBER_OBJECT_CONVERSION = YES_AGGRESSIVE;
				CLANG_CXX_LANGUAGE_STANDARD = "gnu++17";
				CLANG_ENABLE_MODULES = YES;
				CLANG_ENABLE_OBJC_ARC = YES;
				CLANG_ENABLE_OBJC_WEAK = YES;
				CLANG_WARN_BLOCK_CAPTURE_AUTORELEASING = YES;
				CLANG_WARN_BOOL_CONVERSION = YES;
				CLANG_WARN_COMMA = YES;
				CLANG_WARN_CONSTANT_CONVERSION = YES;
				CLANG_WARN_DEPRECATED_OBJC_IMPLEMENTATIONS = YES;
				CLANG_WARN_DIRECT_OBJC_ISA_USAGE = YES_ERROR;
				CLANG_WARN_DOCUMENTATION_COMMENTS = YES;
				CLANG_WARN_EMPTY_BODY = YES;
				CLANG_WARN_ENUM_CONVERSION = YES;
				CLANG_WARN_INFINITE_RECURSION = YES;
				CLANG_WARN_INT_CONVERSION = YES;
				CLANG_WARN_NON_LITERAL_NULL_CONVERSION = YES;
				CLANG_WARN_OBJC_IMPLICIT_RETAIN_SELF = YES;
				CLANG_WARN_OBJC_LITERAL_CONVERSION = YES;
				CLANG_WARN_OBJC_ROOT_CLASS = YES_ERROR;
				CLANG_WARN_QUOTED_INCLUDE_IN_FRAMEWORK_HEADER = YES;
				CLANG_WARN_RANGE_LOOP_ANALYSIS = YES;
				CLANG_WARN_STRICT_PROTOTYPES = YES;
				CLANG_WARN_SUSPICIOUS_MOVE = YES;
				CLANG_WARN_UNGUARDED_AVAILABILITY = YES_AGGRESSIVE;
				CLANG_WARN_UNREACHABLE_CODE = YES;
				CLANG_WARN__DUPLICATE_METHOD_MATCH = YES;
				COPY_PHASE_STRIP = NO;
				DEBUG_INFORMATION_FORMAT = dwarf;
				ENABLE_STRICT_OBJC_MSGSEND = YES;
				ENABLE_TESTABILITY = YES;
				GCC_C_LANGUAGE_STANDARD = gnu11;
				GCC_DYNAMIC_NO_PIC = NO;
				GCC_NO_COMMON_BLOCKS = YES;
				GCC_OPTIMIZATION_LEVEL = 0;
				GCC_PREPROCESSOR_DEFINITIONS = (
					"DEBUG=1",
					"$(inherited)",
				);
				GCC_WARN_64_TO_32_BIT_CONVERSION = YES;
				GCC_WARN_ABOUT_RETURN_TYPE = YES_ERROR;
				GCC_WARN_UNDECLARED_SELECTOR = YES;
				GCC_WARN_UNINITIALIZED_AUTOS = YES_AGGRESSIVE;
				GCC_WARN_UNUSED_FUNCTION = YES;
				GCC_WARN_UNUSED_VARIABLE = YES;
				MTL_ENABLE_DEBUG_INFO = INCLUDE_SOURCE;
				MTL_FAST_MATH = YES;
				ONLY_ACTIVE_ARCH = YES;
				SWIFT_ACTIVE_COMPILATION_CONDITIONS = DEBUG;
				SWIFT_OPTIMIZATION_LEVEL = "-Onone";
			};
			name = Debug;
		};
		180DDDCA29557957005417B0 /* Release */ = {
			isa = XCBuildConfiguration;
			buildSettings = {
				ALWAYS_SEARCH_USER_PATHS = NO;
				CLANG_ANALYZER_NONNULL = YES;
				CLANG_ANALYZER_NUMBER_OBJECT_CONVERSION = YES_AGGRESSIVE;
				CLANG_CXX_LANGUAGE_STANDARD = "gnu++17";
				CLANG_ENABLE_MODULES = YES;
				CLANG_ENABLE_OBJC_ARC = YES;
				CLANG_ENABLE_OBJC_WEAK = YES;
				CLANG_WARN_BLOCK_CAPTURE_AUTORELEASING = YES;
				CLANG_WARN_BOOL_CONVERSION = YES;
				CLANG_WARN_COMMA = YES;
				CLANG_WARN_CONSTANT_CONVERSION = YES;
				CLANG_WARN_DEPRECATED_OBJC_IMPLEMENTATIONS = YES;
				CLANG_WARN_DIRECT_OBJC_ISA_USAGE = YES_ERROR;
				CLANG_WARN_DOCUMENTATION_COMMENTS = YES;
				CLANG_WARN_EMPTY_BODY = YES;
				CLANG_WARN_ENUM_CONVERSION = YES;
				CLANG_WARN_INFINITE_RECURSION = YES;
				CLANG_WARN_INT_CONVERSION = YES;
				CLANG_WARN_NON_LITERAL_NULL_CONVERSION = YES;
				CLANG_WARN_OBJC_IMPLICIT_RETAIN_SELF = YES;
				CLANG_WARN_OBJC_LITERAL_CONVERSION = YES;
				CLANG_WARN_OBJC_ROOT_CLASS = YES_ERROR;
				CLANG_WARN_QUOTED_INCLUDE_IN_FRAMEWORK_HEADER = YES;
				CLANG_WARN_RANGE_LOOP_ANALYSIS = YES;
				CLANG_WARN_STRICT_PROTOTYPES = YES;
				CLANG_WARN_SUSPICIOUS_MOVE = YES;
				CLANG_WARN_UNGUARDED_AVAILABILITY = YES_AGGRESSIVE;
				CLANG_WARN_UNREACHABLE_CODE = YES;
				CLANG_WARN__DUPLICATE_METHOD_MATCH = YES;
				COPY_PHASE_STRIP = NO;
				DEBUG_INFORMATION_FORMAT = "dwarf-with-dsym";
				ENABLE_NS_ASSERTIONS = NO;
				ENABLE_STRICT_OBJC_MSGSEND = YES;
				GCC_C_LANGUAGE_STANDARD = gnu11;
				GCC_NO_COMMON_BLOCKS = YES;
				GCC_WARN_64_TO_32_BIT_CONVERSION = YES;
				GCC_WARN_ABOUT_RETURN_TYPE = YES_ERROR;
				GCC_WARN_UNDECLARED_SELECTOR = YES;
				GCC_WARN_UNINITIALIZED_AUTOS = YES_AGGRESSIVE;
				GCC_WARN_UNUSED_FUNCTION = YES;
				GCC_WARN_UNUSED_VARIABLE = YES;
				MTL_ENABLE_DEBUG_INFO = NO;
				MTL_FAST_MATH = YES;
				SWIFT_COMPILATION_MODE = wholemodule;
				SWIFT_OPTIMIZATION_LEVEL = "-O";
			};
			name = Release;
		};
		180DDDCC29557957005417B0 /* Debug */ = {
			isa = XCBuildConfiguration;
			buildSettings = {
				ASSETCATALOG_COMPILER_APPICON_NAME = AppIcon;
				ASSETCATALOG_COMPILER_GLOBAL_ACCENT_COLOR_NAME = AccentColor;
				CODE_SIGN_STYLE = Automatic;
				CURRENT_PROJECT_VERSION = 1;
				DEVELOPMENT_TEAM = P4DGGK2XYX;
				ENABLE_PREVIEWS = YES;
				GENERATE_INFOPLIST_FILE = YES;
				INFOPLIST_KEY_UIApplicationSceneManifest_Generation = YES;
				INFOPLIST_KEY_UIApplicationSupportsIndirectInputEvents = YES;
				INFOPLIST_KEY_UILaunchScreen_Generation = YES;
				INFOPLIST_KEY_UISupportedInterfaceOrientations_iPad = "UIInterfaceOrientationPortrait UIInterfaceOrientationPortraitUpsideDown UIInterfaceOrientationLandscapeLeft UIInterfaceOrientationLandscapeRight";
				INFOPLIST_KEY_UISupportedInterfaceOrientations_iPhone = "UIInterfaceOrientationPortrait UIInterfaceOrientationLandscapeLeft UIInterfaceOrientationLandscapeRight";
				IPHONEOS_DEPLOYMENT_TARGET = 15.5;
				LD_RUNPATH_SEARCH_PATHS = (
					"$(inherited)",
					"@executable_path/Frameworks",
				);
				MARKETING_VERSION = 1.0;
				PRODUCT_BUNDLE_IDENTIFIER = com.mobantica.sourcetree.sourceTreeDemo;
				PRODUCT_NAME = sourceTreeDemo;
				SDKROOT = iphoneos;
				SWIFT_EMIT_LOC_STRINGS = YES;
				SWIFT_VERSION = 5.0;
				TARGETED_DEVICE_FAMILY = "1,2";
			};
			name = Debug;
		};
		180DDDCD29557957005417B0 /* Release */ = {
			isa = XCBuildConfiguration;
			buildSettings = {
				ASSETCATALOG_COMPILER_APPICON_NAME = AppIcon;
				ASSETCATALOG_COMPILER_GLOBAL_ACCENT_COLOR_NAME = AccentColor;
				CODE_SIGN_STYLE = Automatic;
				CURRENT_PROJECT_VERSION = 1;
				DEVELOPMENT_TEAM = P4DGGK2XYX;
				ENABLE_PREVIEWS = YES;
				GENERATE_INFOPLIST_FILE = YES;
				INFOPLIST_KEY_UIApplicationSceneManifest_Generation = YES;
				INFOPLIST_KEY_UIApplicationSupportsIndirectInputEvents = YES;
				INFOPLIST_KEY_UILaunchScreen_Generation = YES;
				INFOPLIST_KEY_UISupportedInterfaceOrientations_iPad = "UIInterfaceOrientationPortrait UIInterfaceOrientationPortraitUpsideDown UIInterfaceOrientationLandscapeLeft UIInterfaceOrientationLandscapeRight";
				INFOPLIST_KEY_UISupportedInterfaceOrientations_iPhone = "UIInterfaceOrientationPortrait UIInterfaceOrientationLandscapeLeft UIInterfaceOrientationLandscapeRight";
				IPHONEOS_DEPLOYMENT_TARGET = 15.5;
				LD_RUNPATH_SEARCH_PATHS = (
					"$(inherited)",
					"@executable_path/Frameworks",
				);
				MARKETING_VERSION = 1.0;
				PRODUCT_BUNDLE_IDENTIFIER = com.mobantica.sourcetree.sourceTreeDemo;
				PRODUCT_NAME = sourceTreeDemo;
				SDKROOT = iphoneos;
				SWIFT_EMIT_LOC_STRINGS = YES;
				SWIFT_VERSION = 5.0;
				TARGETED_DEVICE_FAMILY = "1,2";
				VALIDATE_PRODUCT = YES;
			};
			name = Release;
		};
		180DDDCF29557957005417B0 /* Debug */ = {
			isa = XCBuildConfiguration;
			buildSettings = {
				ASSETCATALOG_COMPILER_APPICON_NAME = AppIcon;
				ASSETCATALOG_COMPILER_GLOBAL_ACCENT_COLOR_NAME = AccentColor;
				CODE_SIGN_ENTITLEMENTS = macOS/macOS.entitlements;
				CODE_SIGN_STYLE = Automatic;
				COMBINE_HIDPI_IMAGES = YES;
				CURRENT_PROJECT_VERSION = 1;
				DEVELOPMENT_TEAM = P4DGGK2XYX;
				ENABLE_HARDENED_RUNTIME = YES;
				ENABLE_PREVIEWS = YES;
				GENERATE_INFOPLIST_FILE = YES;
				INFOPLIST_KEY_NSHumanReadableCopyright = "";
				LD_RUNPATH_SEARCH_PATHS = (
					"$(inherited)",
					"@executable_path/../Frameworks",
				);
				MACOSX_DEPLOYMENT_TARGET = 12.2;
				MARKETING_VERSION = 1.0;
				PRODUCT_BUNDLE_IDENTIFIER = com.mobantica.sourcetree.sourceTreeDemo;
				PRODUCT_NAME = sourceTreeDemo;
				SDKROOT = macosx;
				SWIFT_EMIT_LOC_STRINGS = YES;
				SWIFT_VERSION = 5.0;
			};
			name = Debug;
		};
		180DDDD029557957005417B0 /* Release */ = {
			isa = XCBuildConfiguration;
			buildSettings = {
				ASSETCATALOG_COMPILER_APPICON_NAME = AppIcon;
				ASSETCATALOG_COMPILER_GLOBAL_ACCENT_COLOR_NAME = AccentColor;
				CODE_SIGN_ENTITLEMENTS = macOS/macOS.entitlements;
				CODE_SIGN_STYLE = Automatic;
				COMBINE_HIDPI_IMAGES = YES;
				CURRENT_PROJECT_VERSION = 1;
				DEVELOPMENT_TEAM = P4DGGK2XYX;
				ENABLE_HARDENED_RUNTIME = YES;
				ENABLE_PREVIEWS = YES;
				GENERATE_INFOPLIST_FILE = YES;
				INFOPLIST_KEY_NSHumanReadableCopyright = "";
				LD_RUNPATH_SEARCH_PATHS = (
					"$(inherited)",
					"@executable_path/../Frameworks",
				);
				MACOSX_DEPLOYMENT_TARGET = 12.2;
				MARKETING_VERSION = 1.0;
				PRODUCT_BUNDLE_IDENTIFIER = com.mobantica.sourcetree.sourceTreeDemo;
				PRODUCT_NAME = sourceTreeDemo;
				SDKROOT = macosx;
				SWIFT_EMIT_LOC_STRINGS = YES;
				SWIFT_VERSION = 5.0;
			};
			name = Release;
		};
		180DDDD229557957005417B0 /* Debug */ = {
			isa = XCBuildConfiguration;
			buildSettings = {
				ALWAYS_EMBED_SWIFT_STANDARD_LIBRARIES = YES;
				CODE_SIGN_STYLE = Automatic;
				CURRENT_PROJECT_VERSION = 1;
				DEVELOPMENT_TEAM = P4DGGK2XYX;
				GENERATE_INFOPLIST_FILE = YES;
				IPHONEOS_DEPLOYMENT_TARGET = 15.5;
				MARKETING_VERSION = 1.0;
				PRODUCT_BUNDLE_IDENTIFIER = "com.mobantica.sourcetree.Tests-iOS";
				PRODUCT_NAME = "$(TARGET_NAME)";
				SDKROOT = iphoneos;
				SWIFT_EMIT_LOC_STRINGS = NO;
				SWIFT_VERSION = 5.0;
				TARGETED_DEVICE_FAMILY = "1,2";
				TEST_TARGET_NAME = "sourceTreeDemo (iOS)";
			};
			name = Debug;
		};
		180DDDD329557957005417B0 /* Release */ = {
			isa = XCBuildConfiguration;
			buildSettings = {
				ALWAYS_EMBED_SWIFT_STANDARD_LIBRARIES = YES;
				CODE_SIGN_STYLE = Automatic;
				CURRENT_PROJECT_VERSION = 1;
				DEVELOPMENT_TEAM = P4DGGK2XYX;
				GENERATE_INFOPLIST_FILE = YES;
				IPHONEOS_DEPLOYMENT_TARGET = 15.5;
				MARKETING_VERSION = 1.0;
				PRODUCT_BUNDLE_IDENTIFIER = "com.mobantica.sourcetree.Tests-iOS";
				PRODUCT_NAME = "$(TARGET_NAME)";
				SDKROOT = iphoneos;
				SWIFT_EMIT_LOC_STRINGS = NO;
				SWIFT_VERSION = 5.0;
				TARGETED_DEVICE_FAMILY = "1,2";
				TEST_TARGET_NAME = "sourceTreeDemo (iOS)";
				VALIDATE_PRODUCT = YES;
			};
			name = Release;
		};
		180DDDD529557957005417B0 /* Debug */ = {
			isa = XCBuildConfiguration;
			buildSettings = {
				ALWAYS_EMBED_SWIFT_STANDARD_LIBRARIES = YES;
				CODE_SIGN_STYLE = Automatic;
				CURRENT_PROJECT_VERSION = 1;
				DEVELOPMENT_TEAM = P4DGGK2XYX;
				GENERATE_INFOPLIST_FILE = YES;
				MACOSX_DEPLOYMENT_TARGET = 12.2;
				MARKETING_VERSION = 1.0;
				PRODUCT_BUNDLE_IDENTIFIER = "com.mobantica.sourcetree.Tests-macOS";
				PRODUCT_NAME = "$(TARGET_NAME)";
				SDKROOT = macosx;
				SWIFT_EMIT_LOC_STRINGS = NO;
				SWIFT_VERSION = 5.0;
				TEST_TARGET_NAME = "sourceTreeDemo (macOS)";
			};
			name = Debug;
		};
		180DDDD629557957005417B0 /* Release */ = {
			isa = XCBuildConfiguration;
			buildSettings = {
				ALWAYS_EMBED_SWIFT_STANDARD_LIBRARIES = YES;
				CODE_SIGN_STYLE = Automatic;
				CURRENT_PROJECT_VERSION = 1;
				DEVELOPMENT_TEAM = P4DGGK2XYX;
				GENERATE_INFOPLIST_FILE = YES;
				MACOSX_DEPLOYMENT_TARGET = 12.2;
				MARKETING_VERSION = 1.0;
				PRODUCT_BUNDLE_IDENTIFIER = "com.mobantica.sourcetree.Tests-macOS";
				PRODUCT_NAME = "$(TARGET_NAME)";
				SDKROOT = macosx;
				SWIFT_EMIT_LOC_STRINGS = NO;
				SWIFT_VERSION = 5.0;
				TEST_TARGET_NAME = "sourceTreeDemo (macOS)";
			};
			name = Release;
		};
/* End XCBuildConfiguration section */

/* Begin XCConfigurationList section */
		180DDD9229557955005417B0 /* Build configuration list for PBXProject "sourceTreeDemo" */ = {
			isa = XCConfigurationList;
			buildConfigurations = (
				180DDDC929557957005417B0 /* Debug */,
				180DDDCA29557957005417B0 /* Release */,
			);
			defaultConfigurationIsVisible = 0;
			defaultConfigurationName = Release;
		};
		180DDDCB29557957005417B0 /* Build configuration list for PBXNativeTarget "sourceTreeDemo (iOS)" */ = {
			isa = XCConfigurationList;
			buildConfigurations = (
				180DDDCC29557957005417B0 /* Debug */,
				180DDDCD29557957005417B0 /* Release */,
			);
			defaultConfigurationIsVisible = 0;
			defaultConfigurationName = Release;
		};
		180DDDCE29557957005417B0 /* Build configuration list for PBXNativeTarget "sourceTreeDemo (macOS)" */ = {
			isa = XCConfigurationList;
			buildConfigurations = (
				180DDDCF29557957005417B0 /* Debug */,
				180DDDD029557957005417B0 /* Release */,
			);
			defaultConfigurationIsVisible = 0;
			defaultConfigurationName = Release;
		};
		180DDDD129557957005417B0 /* Build configuration list for PBXNativeTarget "Tests iOS" */ = {
			isa = XCConfigurationList;
			buildConfigurations = (
				180DDDD229557957005417B0 /* Debug */,
				180DDDD329557957005417B0 /* Release */,
			);
			defaultConfigurationIsVisible = 0;
			defaultConfigurationName = Release;
		};
		180DDDD429557957005417B0 /* Build configuration list for PBXNativeTarget "Tests macOS" */ = {
			isa = XCConfigurationList;
			buildConfigurations = (
				180DDDD529557957005417B0 /* Debug */,
				180DDDD629557957005417B0 /* Release */,
			);
			defaultConfigurationIsVisible = 0;
			defaultConfigurationName = Release;
		};
/* End XCConfigurationList section */

/* Begin XCVersionGroup section */
		180DDD9429557955005417B0 /* sourceTreeDemo.xcdatamodeld */ = {
			isa = XCVersionGroup;
			children = (
				180DDD9529557955005417B0 /* Shared.xcdatamodel */,
			);
			currentVersion = 180DDD9529557955005417B0 /* Shared.xcdatamodel */;
			path = sourceTreeDemo.xcdatamodeld;
			sourceTree = "<group>";
			versionGroupType = wrapper.xcdatamodel;
		};
/* End XCVersionGroup section */
	};
	rootObject = 180DDD8F29557955005417B0 /* Project object */;
}
